# THIS IS AN AUTOGENERATED FILE. DO NOT EDIT THIS FILE DIRECTLY.
# yarn lockfile v1


"@types/redis-info@^3.0.3":
  version "3.0.3"
  resolved "https://registry.yarnpkg.com/@types/redis-info/-/redis-info-3.0.3.tgz#4963fa015a6b448d9c7e27d6cba96d5db7201550"
  integrity sha512-VIkNy6JbYI/RLdbPHdm9JQvv6RVld2uE2/6Hdid38Qdq+zvDli2FTpImI8pC5zwp8xS8qVqfzlfyAub8xZEd5g==
